{
    "name": "types",
    "version": "0.1.0",
    "lockfileVersion": 2,
    "requires": true,
    "packages": {
        "": {
            "version": "0.1.0",
            "dependencies": {
                "@types/bunyan": "^1.8.6",
                "@types/events": "^3.0.0",
                "@types/geojson": "^7946.0.7",
                "@types/react": "^17.0.15",
                "@types/restify": "^8.4.2",
                "@types/spdy": "^3.4.4"
            },
            "engines": {
                "node": "14.x"
            }
        },
        "node_modules/@types/bunyan": {
            "version": "1.8.7",
            "resolved": "https://registry.npmjs.org/@types/bunyan/-/bunyan-1.8.7.tgz",
            "integrity": "sha512-jaNt6xX5poSmXuDAkQrSqx2zkR66OrdRDuVnU8ldvn3k/Ci/7Sf5nooKspQWimDnw337Bzt/yirqSThTjvrHkg==",
            "dependencies": {
                "@types/node": "*"
            }
        },
        "node_modules/@types/events": {
            "version": "3.0.0",
            "resolved": "https://registry.npmjs.org/@types/events/-/events-3.0.0.tgz",
            "integrity": "sha512-EaObqwIvayI5a8dCzhFrjKzVwKLxjoG9T6Ppd5CEo07LRKfQ8Yokw54r5+Wq7FaBQ+yXRvQAYPrHwya1/UFt9g=="
        },
        "node_modules/@types/formidable": {
            "version": "1.2.4",
            "resolved": "https://registry.npmjs.org/@types/formidable/-/formidable-1.2.4.tgz",
            "integrity": "sha512-Z+ICLPV/BPYK5pHYDryNKRk26etA9WCicg620XZM0Uqto5gOv6XySMIlXQ3Ae6V3tS7CZNpE8UdHuuxOZxWVfw==",
            "dependencies": {
                "@types/node": "*"
            }
        },
        "node_modules/@types/geojson": {
            "version": "7946.0.8",
            "resolved": "https://registry.npmjs.org/@types/geojson/-/geojson-7946.0.8.tgz",
            "integrity": "sha512-1rkryxURpr6aWP7R786/UQOkJ3PcpQiWkAXBmdWc7ryFWqN6a4xfK7BtjXvFBKO9LjQ+MWQSWxYeZX1OApnArA=="
        },
        "node_modules/@types/node": {
            "version": "16.11.2",
            "resolved": "https://registry.npmjs.org/@types/node/-/node-16.11.2.tgz",
            "integrity": "sha512-w34LtBB0OkDTs19FQHXy4Ig/TOXI4zqvXS2Kk1PAsRKZ0I+nik7LlMYxckW0tSNGtvWmzB+mrCTbuEjuB9DVsw=="
        },
        "node_modules/@types/prop-types": {
            "version": "15.7.4",
            "resolved": "https://registry.npmjs.org/@types/prop-types/-/prop-types-15.7.4.tgz",
            "integrity": "sha512-rZ5drC/jWjrArrS8BR6SIr4cWpW09RNTYt9AMZo3Jwwif+iacXAqgVjm0B0Bv/S1jhDXKHqRVNCbACkJ89RAnQ=="
        },
        "node_modules/@types/react": {
            "version": "17.0.31",
            "resolved": "https://registry.npmjs.org/@types/react/-/react-17.0.31.tgz",
            "integrity": "sha512-MQSR5EL4JZtdWRvqDgz9kXhSDDoy2zMTYyg7UhP+FZ5ttUOocWyxiqFJiI57sUG0BtaEX7WDXYQlkCYkb3X9vQ==",
            "dependencies": {
                "@types/prop-types": "*",
                "@types/scheduler": "*",
                "csstype": "^3.0.2"
            }
        },
        "node_modules/@types/restify": {
            "version": "8.5.2",
            "resolved": "https://registry.npmjs.org/@types/restify/-/restify-8.5.2.tgz",
            "integrity": "sha512-FZMxnmaB/QsCagjgR0AwjtHgeCznATVuq0mc8P6UOwToKY9g+zb437gx9gMs9WWMuVqHwfAKHXqbe5qm4xITBw==",
            "dependencies": {
                "@types/bunyan": "*",
                "@types/formidable": "*",
                "@types/node": "*",
                "@types/spdy": "*"
            }
        },
        "node_modules/@types/scheduler": {
            "version": "0.16.2",
            "resolved": "https://registry.npmjs.org/@types/scheduler/-/scheduler-0.16.2.tgz",
            "integrity": "sha512-hppQEBDmlwhFAXKJX2KnWLYu5yMfi91yazPb2l+lbJiwW+wdo1gNeRA+3RgNSO39WYX2euey41KEwnqesU2Jew=="
        },
        "node_modules/@types/spdy": {
            "version": "3.4.5",
            "resolved": "https://registry.npmjs.org/@types/spdy/-/spdy-3.4.5.tgz",
            "integrity": "sha512-/33fIRK/aqkKNxg9BSjpzt1ucmvPremgeDywm9z2C2mOlIh5Ljjvgc3UhQHqwXsSLDLHPT9jlsnrjKQ1XiVJzA==",
            "dependencies": {
                "@types/node": "*"
            }
        },
        "node_modules/csstype": {
            "version": "3.0.9",
            "resolved": "https://registry.npmjs.org/csstype/-/csstype-3.0.9.tgz",
            "integrity": "sha512-rpw6JPxK6Rfg1zLOYCSwle2GFOOsnjmDYDaBwEcwoOg4qlsIVCN789VkBZDJAGi4T07gI4YSutR43t9Zz4Lzuw=="
        }
    },
    "dependencies": {
        "@types/bunyan": {
            "version": "1.8.7",
            "resolved": "https://registry.npmjs.org/@types/bunyan/-/bunyan-1.8.7.tgz",
            "integrity": "sha512-jaNt6xX5poSmXuDAkQrSqx2zkR66OrdRDuVnU8ldvn3k/Ci/7Sf5nooKspQWimDnw337Bzt/yirqSThTjvrHkg==",
            "requires": {
                "@types/node": "*"
            }
        },
        "@types/events": {
            "version": "3.0.0",
            "resolved": "https://registry.npmjs.org/@types/events/-/events-3.0.0.tgz",
            "integrity": "sha512-EaObqwIvayI5a8dCzhFrjKzVwKLxjoG9T6Ppd5CEo07LRKfQ8Yokw54r5+Wq7FaBQ+yXRvQAYPrHwya1/UFt9g=="
        },
        "@types/formidable": {
            "version": "1.2.4",
            "resolved": "https://registry.npmjs.org/@types/formidable/-/formidable-1.2.4.tgz",
            "integrity": "sha512-Z+ICLPV/BPYK5pHYDryNKRk26etA9WCicg620XZM0Uqto5gOv6XySMIlXQ3Ae6V3tS7CZNpE8UdHuuxOZxWVfw==",
            "requires": {
                "@types/node": "*"
            }
        },
        "@types/geojson": {
            "version": "7946.0.8",
            "resolved": "https://registry.npmjs.org/@types/geojson/-/geojson-7946.0.8.tgz",
            "integrity": "sha512-1rkryxURpr6aWP7R786/UQOkJ3PcpQiWkAXBmdWc7ryFWqN6a4xfK7BtjXvFBKO9LjQ+MWQSWxYeZX1OApnArA=="
        },
        "@types/node": {
            "version": "16.11.2",
            "resolved": "https://registry.npmjs.org/@types/node/-/node-16.11.2.tgz",
            "integrity": "sha512-w34LtBB0OkDTs19FQHXy4Ig/TOXI4zqvXS2Kk1PAsRKZ0I+nik7LlMYxckW0tSNGtvWmzB+mrCTbuEjuB9DVsw=="
        },
        "@types/prop-types": {
            "version": "15.7.4",
            "resolved": "https://registry.npmjs.org/@types/prop-types/-/prop-types-15.7.4.tgz",
            "integrity": "sha512-rZ5drC/jWjrArrS8BR6SIr4cWpW09RNTYt9AMZo3Jwwif+iacXAqgVjm0B0Bv/S1jhDXKHqRVNCbACkJ89RAnQ=="
        },
        "@types/react": {
            "version": "17.0.31",
            "resolved": "https://registry.npmjs.org/@types/react/-/react-17.0.31.tgz",
            "integrity": "sha512-MQSR5EL4JZtdWRvqDgz9kXhSDDoy2zMTYyg7UhP+FZ5ttUOocWyxiqFJiI57sUG0BtaEX7WDXYQlkCYkb3X9vQ==",
            "requires": {
                "@types/prop-types": "*",
                "@types/scheduler": "*",
                "csstype": "^3.0.2"
            }
        },
        "@types/restify": {
            "version": "8.5.2",
            "resolved": "https://registry.npmjs.org/@types/restify/-/restify-8.5.2.tgz",
            "integrity": "sha512-FZMxnmaB/QsCagjgR0AwjtHgeCznATVuq0mc8P6UOwToKY9g+zb437gx9gMs9WWMuVqHwfAKHXqbe5qm4xITBw==",
            "requires": {
                "@types/bunyan": "*",
                "@types/formidable": "*",
                "@types/node": "*",
                "@types/spdy": "*"
            }
        },
        "@types/scheduler": {
            "version": "0.16.2",
            "resolved": "https://registry.npmjs.org/@types/scheduler/-/scheduler-0.16.2.tgz",
            "integrity": "sha512-hppQEBDmlwhFAXKJX2KnWLYu5yMfi91yazPb2l+lbJiwW+wdo1gNeRA+3RgNSO39WYX2euey41KEwnqesU2Jew=="
        },
        "@types/spdy": {
            "version": "3.4.5",
            "resolved": "https://registry.npmjs.org/@types/spdy/-/spdy-3.4.5.tgz",
            "integrity": "sha512-/33fIRK/aqkKNxg9BSjpzt1ucmvPremgeDywm9z2C2mOlIh5Ljjvgc3UhQHqwXsSLDLHPT9jlsnrjKQ1XiVJzA==",
            "requires": {
                "@types/node": "*"
            }
        },
        "csstype": {
            "version": "3.0.9",
            "resolved": "https://registry.npmjs.org/csstype/-/csstype-3.0.9.tgz",
            "integrity": "sha512-rpw6JPxK6Rfg1zLOYCSwle2GFOOsnjmDYDaBwEcwoOg4qlsIVCN789VkBZDJAGi4T07gI4YSutR43t9Zz4Lzuw=="
        }
    }
}
